
Microsoft Visual Studio Solution File, Format Version 12.00
# Visual Studio Version 17
VisualStudioVersion = 17.2.32616.157
MinimumVisualStudioVersion = 10.0.40219.1
Project("{FAE04EC0-301F-11D3-BF4B-00C04F79EFBC}") = "Electronic Bank", "Electronic Bank\Electronic Bank.csproj", "{B59A00FC-592E-4CDC-9909-534018EEE8FC}"
EndProject
Global
	GlobalSection(SolutionConfigurationPlatforms) = preSolution
		Debug|Any CPU = Debug|Any CPU
		Release|Any CPU = Release|Any CPU
	EndGlobalSection
	GlobalSection(ProjectConfigurationPlatforms) = postSolution
		{B59A00FC-592E-4CDC-9909-534018EEE8FC}.Debug|Any CPU.ActiveCfg = Debug|Any CPU
		{B59A00FC-592E-4CDC-9909-534018EEE8FC}.Debug|Any CPU.Build.0 = Debug|Any CPU
		{B59A00FC-592E-4CDC-9909-534018EEE8FC}.Release|Any CPU.ActiveCfg = Release|Any CPU
		{B59A00FC-592E-4CDC-9909-534018EEE8FC}.Release|Any CPU.Build.0 = Release|Any CPU
	EndGlobalSection
	GlobalSection(SolutionProperties) = preSolution
		HideSolutionNode = FALSE
	EndGlobalSection
	GlobalSection(ExtensibilityGlobals) = postSolution
		SolutionGuid = {D1D51853-787F-40CC-B201-BD71052E9F00}
	EndGlobalSection
EndGlobal
